// !$*UTF8*$!
{
	archiveVersion = 1;
	classes = {
	};
	objectVersion = 50;
	objects = {

/* Begin PBXBuildFile section */
		3B97801020DB3BD400A516E7 /* AppDelegate.swift in Sources */ = {isa = PBXBuildFile; fileRef = 3B97800F20DB3BD400A516E7 /* AppDelegate.swift */; };
		3B97801220DB3BD400A516E7 /* ViewController.swift in Sources */ = {isa = PBXBuildFile; fileRef = 3B97801120DB3BD400A516E7 /* ViewController.swift */; };
		3B97801520DB3BD400A516E7 /* Main.storyboard in Resources */ = {isa = PBXBuildFile; fileRef = 3B97801320DB3BD400A516E7 /* Main.storyboard */; };
		3B97801820DB3BD400A516E7 /* MBox.xcdatamodeld in Sources */ = {isa = PBXBuildFile; fileRef = 3B97801620DB3BD400A516E7 /* MBox.xcdatamodeld */; };
		3B97801A20DB3BD500A516E7 /* Assets.xcassets in Resources */ = {isa = PBXBuildFile; fileRef = 3B97801920DB3BD500A516E7 /* Assets.xcassets */; };
		3B97801D20DB3BD600A516E7 /* LaunchScreen.storyboard in Resources */ = {isa = PBXBuildFile; fileRef = 3B97801B20DB3BD600A516E7 /* LaunchScreen.storyboard */; };
		3BCCF19A20DBEC7600A44521 /* GoogleService-Info.plist in Resources */ = {isa = PBXBuildFile; fileRef = 3BCCF19920DBEC7500A44521 /* GoogleService-Info.plist */; };
		47991523829F64F3410E7BC5 /* Pods_MBox.framework in Frameworks */ = {isa = PBXBuildFile; fileRef = 3DC4552051DE8DCC1F6684E4 /* Pods_MBox.framework */; };
/* End PBXBuildFile section */

/* Begin PBXFileReference section */
		132CE71AF20B08068E8FB6B4 /* Pods-MBox.debug.xcconfig */ = {isa = PBXFileReference; includeInIndex = 1; lastKnownFileType = text.xcconfig; name = "Pods-MBox.debug.xcconfig"; path = "Pods/Target Support Files/Pods-MBox/Pods-MBox.debug.xcconfig"; sourceTree = "<group>"; };
		3B97800C20DB3BD400A516E7 /* MBox.app */ = {isa = PBXFileReference; explicitFileType = wrapper.application; includeInIndex = 0; path = MBox.app; sourceTree = BUILT_PRODUCTS_DIR; };
		3B97800F20DB3BD400A516E7 /* AppDelegate.swift */ = {isa = PBXFileReference; lastKnownFileType = sourcecode.swift; path = AppDelegate.swift; sourceTree = "<group>"; };
		3B97801120DB3BD400A516E7 /* ViewController.swift */ = {isa = PBXFileReference; lastKnownFileType = sourcecode.swift; path = ViewController.swift; sourceTree = "<group>"; };
		3B97801420DB3BD400A516E7 /* Base */ = {isa = PBXFileReference; lastKnownFileType = file.storyboard; name = Base; path = Base.lproj/Main.storyboard; sourceTree = "<group>"; };
		3B97801720DB3BD400A516E7 /* MBox.xcdatamodel */ = {isa = PBXFileReference; lastKnownFileType = wrapper.xcdatamodel; path = MBox.xcdatamodel; sourceTree = "<group>"; };
		3B97801920DB3BD500A516E7 /* Assets.xcassets */ = {isa = PBXFileReference; lastKnownFileType = folder.assetcatalog; path = Assets.xcassets; sourceTree = "<group>"; };
		3B97801C20DB3BD600A516E7 /* Base */ = {isa = PBXFileReference; lastKnownFileType = file.storyboard; name = Base; path = Base.lproj/LaunchScreen.storyboard; sourceTree = "<group>"; };
		3B97801E20DB3BD600A516E7 /* Info.plist */ = {isa = PBXFileReference; lastKnownFileType = text.plist.xml; path = Info.plist; sourceTree = "<group>"; };
		3BCCF19920DBEC7500A44521 /* GoogleService-Info.plist */ = {isa = PBXFileReference; fileEncoding = 4; lastKnownFileType = text.plist.xml; path = "GoogleService-Info.plist"; sourceTree = "<group>"; };
		3DC4552051DE8DCC1F6684E4 /* Pods_MBox.framework */ = {isa = PBXFileReference; explicitFileType = wrapper.framework; includeInIndex = 0; path = Pods_MBox.framework; sourceTree = BUILT_PRODUCTS_DIR; };
		BC8B679538063CA9AF78E505 /* Pods-MBox.release.xcconfig */ = {isa = PBXFileReference; includeInIndex = 1; lastKnownFileType = text.xcconfig; name = "Pods-MBox.release.xcconfig"; path = "Pods/Target Support Files/Pods-MBox/Pods-MBox.release.xcconfig"; sourceTree = "<group>"; };
/* End PBXFileReference section */

/* Begin PBXFrameworksBuildPhase section */
		3B97800920DB3BD400A516E7 /* Frameworks */ = {
			isa = PBXFrameworksBuildPhase;
			buildActionMask = 2147483647;
			files = (
				47991523829F64F3410E7BC5 /* Pods_MBox.framework in Frameworks */,
			);
			runOnlyForDeploymentPostprocessing = 0;
		};
/* End PBXFrameworksBuildPhase section */

/* Begin PBXGroup section */
		3B97800320DB3BD400A516E7 = {
			isa = PBXGroup;
			children = (
				3B97800E20DB3BD400A516E7 /* MBox */,
				3B97800D20DB3BD400A516E7 /* Products */,
				950D776715AEF3C38EB69E3E /* Pods */,
				5D1ED9EC686AFFDB9E839743 /* Frameworks */,
			);
			sourceTree = "<group>";
		};
		3B97800D20DB3BD400A516E7 /* Products */ = {
			isa = PBXGroup;
			children = (
				3B97800C20DB3BD400A516E7 /* MBox.app */,
			);
			name = Products;
			sourceTree = "<group>";
		};
		3B97800E20DB3BD400A516E7 /* MBox */ = {
			isa = PBXGroup;
			children = (
				3B97800F20DB3BD400A516E7 /* AppDelegate.swift */,
				3B97801120DB3BD400A516E7 /* ViewController.swift */,
				3B97801320DB3BD400A516E7 /* Main.storyboard */,
				3B97801920DB3BD500A516E7 /* Assets.xcassets */,
				3B97801B20DB3BD600A516E7 /* LaunchScreen.storyboard */,
				3B97801E20DB3BD600A516E7 /* Info.plist */,
				3BCCF19920DBEC7500A44521 /* GoogleService-Info.plist */,
				3B97801620DB3BD400A516E7 /* MBox.xcdatamodeld */,
			);
			path = MBox;
			sourceTree = "<group>";
		};
		5D1ED9EC686AFFDB9E839743 /* Frameworks */ = {
			isa = PBXGroup;
			children = (
				3DC4552051DE8DCC1F6684E4 /* Pods_MBox.framework */,
			);
			name = Frameworks;
			sourceTree = "<group>";
		};
		950D776715AEF3C38EB69E3E /* Pods */ = {
			isa = PBXGroup;
			children = (
				132CE71AF20B08068E8FB6B4 /* Pods-MBox.debug.xcconfig */,
				BC8B679538063CA9AF78E505 /* Pods-MBox.release.xcconfig */,
			);
			name = Pods;
			sourceTree = "<group>";
		};
/* End PBXGroup section */

/* Begin PBXNativeTarget section */
		3B97800B20DB3BD400A516E7 /* MBox */ = {
			isa = PBXNativeTarget;
			buildConfigurationList = 3B97802120DB3BD600A516E7 /* Build configuration list for PBXNativeTarget "MBox" */;
			buildPhases = (
				C4966E5959E6EC9942CBD770 /* [CP] Check Pods Manifest.lock */,
				3B97800820DB3BD400A516E7 /* Sources */,
				3B97800920DB3BD400A516E7 /* Frameworks */,
				3B97800A20DB3BD400A516E7 /* Resources */,
			);
			buildRules = (
			);
			dependencies = (
			);
			name = MBox;
			productName = MBox;
			productReference = 3B97800C20DB3BD400A516E7 /* MBox.app */;
			productType = "com.apple.product-type.application";
		};
/* End PBXNativeTarget section */

/* Begin PBXProject section */
		3B97800420DB3BD400A516E7 /* Project object */ = {
			isa = PBXProject;
			attributes = {
				LastSwiftUpdateCheck = 0940;
				LastUpgradeCheck = 0940;
				ORGANIZATIONNAME = "Mazen Alotaibi";
				TargetAttributes = {
					3B97800B20DB3BD400A516E7 = {
						CreatedOnToolsVersion = 9.4.1;
					};
				};
			};
			buildConfigurationList = 3B97800720DB3BD400A516E7 /* Build configuration list for PBXProject "MBox" */;
			compatibilityVersion = "Xcode 9.3";
			developmentRegion = en;
			hasScannedForEncodings = 0;
			knownRegions = (
				en,
				Base,
			);
			mainGroup = 3B97800320DB3BD400A516E7;
			productRefGroup = 3B97800D20DB3BD400A516E7 /* Products */;
			projectDirPath = "";
			projectRoot = "";
			targets = (
				3B97800B20DB3BD400A516E7 /* MBox */,
			);
		};
/* End PBXProject section */

/* Begin PBXResourcesBuildPhase section */
		3B97800A20DB3BD400A516E7 /* Resources */ = {
			isa = PBXResourcesBuildPhase;
			buildActionMask = 2147483647;
			files = (
				3B97801D20DB3BD600A516E7 /* LaunchScreen.storyboard in Resources */,
				3BCCF19A20DBEC7600A44521 /* GoogleService-Info.plist in Resources */,
				3B97801A20DB3BD500A516E7 /* Assets.xcassets in Resources */,
				3B97801520DB3BD400A516E7 /* Main.storyboard in Resources */,
			);
			runOnlyForDeploymentPostprocessing = 0;
		};
/* End PBXResourcesBuildPhase section */

/* Begin PBXShellScriptBuildPhase section */
		C4966E5959E6EC9942CBD770 /* [CP] Check Pods Manifest.lock */ = {
			isa = PBXShellScriptBuildPhase;
			buildActionMask = 2147483647;
			files = (
			);
			inputPaths = (
				"${PODS_PODFILE_DIR_PATH}/Podfile.lock",
				"${PODS_ROOT}/Manifest.lock",
			);
			name = "[CP] Check Pods Manifest.lock";
			outputPaths = (
				"$(DERIVED_FILE_DIR)/Pods-MBox-checkManifestLockResult.txt",
			);
			runOnlyForDeploymentPostprocessing = 0;
			shellPath = /bin/sh;
			shellScript = "diff \"${PODS_PODFILE_DIR_PATH}/Podfile.lock\" \"${PODS_ROOT}/Manifest.lock\" > /dev/null\nif [ $? != 0 ] ; then\n    # print error to STDERR\n    echo \"error: The sandbox is not in sync with the Podfile.lock. Run 'pod install' or update your CocoaPods installation.\" >&2\n    exit 1\nfi\n# This output is used by Xcode 'outputs' to avoid re-running this script phase.\necho \"SUCCESS\" > \"${SCRIPT_OUTPUT_FILE_0}\"\n";
			showEnvVarsInLog = 0;
		};
/* End PBXShellScriptBuildPhase section */

/* Begin PBXSourcesBuildPhase section */
		3B97800820DB3BD400A516E7 /* Sources */ = {
			isa = PBXSourcesBuildPhase;
			buildActionMask = 2147483647;
			files = (
				3B97801220DB3BD400A516E7 /* ViewController.swift in Sources */,
				3B97801820DB3BD400A516E7 /* MBox.xcdatamodeld in Sources */,
				3B97801020DB3BD400A516E7 /* AppDelegate.swift in Sources */,
			);
			runOnlyForDeploymentPostprocessing = 0;
		};
/* End PBXSourcesBuildPhase section */

/* Begin PBXVariantGroup section */
		3B97801320DB3BD400A516E7 /* Main.storyboard */ = {
			isa = PBXVariantGroup;
			children = (
				3B97801420DB3BD400A516E7 /* Base */,
			);
			name = Main.storyboard;
			sourceTree = "<group>";
		};
		3B97801B20DB3BD600A516E7 /* LaunchScreen.storyboard */ = {
			isa = PBXVariantGroup;
			children = (
				3B97801C20DB3BD600A516E7 /* Base */,
			);
			name = LaunchScreen.storyboard;
			sourceTree = "<group>";
		};
/* End PBXVariantGroup section */

/* Begin XCBuildConfiguration section */
		3B97801F20DB3BD600A516E7 /* Debug */ = {
			isa = XCBuildConfiguration;
			buildSettings = {
				ALWAYS_SEARCH_USER_PATHS = NO;
				CLANG_ANALYZER_NONNULL = YES;
				CLANG_ANALYZER_NUMBER_OBJECT_CONVERSION = YES_AGGRESSIVE;
				CLANG_CXX_LANGUAGE_STANDARD = "gnu++14";
				CLANG_CXX_LIBRARY = "libc++";
				CLANG_ENABLE_MODULES = YES;
				CLANG_ENABLE_OBJC_ARC = YES;
				CLANG_ENABLE_OBJC_WEAK = YES;
				CLANG_WARN_BLOCK_CAPTURE_AUTORELEASING = YES;
				CLANG_WARN_BOOL_CONVERSION = YES;
				CLANG_WARN_COMMA = YES;
				CLANG_WARN_CONSTANT_CONVERSION = YES;
				CLANG_WARN_DEPRECATED_OBJC_IMPLEMENTATIONS = YES;
				CLANG_WARN_DIRECT_OBJC_ISA_USAGE = YES_ERROR;
				CLANG_WARN_DOCUMENTATION_COMMENTS = YES;
				CLANG_WARN_EMPTY_BODY = YES;
				CLANG_WARN_ENUM_CONVERSION = YES;
				CLANG_WARN_INFINITE_RECURSION = YES;
				CLANG_WARN_INT_CONVERSION = YES;
				CLANG_WARN_NON_LITERAL_NULL_CONVERSION = YES;
				CLANG_WARN_OBJC_IMPLICIT_RETAIN_SELF = YES;
				CLANG_WARN_OBJC_LITERAL_CONVERSION = YES;
				CLANG_WARN_OBJC_ROOT_CLASS = YES_ERROR;
				CLANG_WARN_RANGE_LOOP_ANALYSIS = YES;
				CLANG_WARN_STRICT_PROTOTYPES = YES;
				CLANG_WARN_SUSPICIOUS_MOVE = YES;
				CLANG_WARN_UNGUARDED_AVAILABILITY = YES_AGGRESSIVE;
				CLANG_WARN_UNREACHABLE_CODE = YES;
				CLANG_WARN__DUPLICATE_METHOD_MATCH = YES;
				CODE_SIGN_IDENTITY = "iPhone Developer";
				COPY_PHASE_STRIP = NO;
				DEBUG_INFORMATION_FORMAT = dwarf;
				ENABLE_STRICT_OBJC_MSGSEND = YES;
				ENABLE_TESTABILITY = YES;
				GCC_C_LANGUAGE_STANDARD = gnu11;
				GCC_DYNAMIC_NO_PIC = NO;
				GCC_NO_COMMON_BLOCKS = YES;
				GCC_OPTIMIZATION_LEVEL = 0;
				GCC_PREPROCESSOR_DEFINITIONS = (
					"DEBUG=1",
					"$(inherited)",
				);
				GCC_WARN_64_TO_32_BIT_CONVERSION = YES;
				GCC_WARN_ABOUT_RETURN_TYPE = YES_ERROR;
				GCC_WARN_UNDECLARED_SELECTOR = YES;
				GCC_WARN_UNINITIALIZED_AUTOS = YES_AGGRESSIVE;
				GCC_WARN_UNUSED_FUNCTION = YES;
				GCC_WARN_UNUSED_VARIABLE = YES;
				IPHONEOS_DEPLOYMENT_TARGET = 11.4;
				MTL_ENABLE_DEBUG_INFO = YES;
				ONLY_ACTIVE_ARCH = YES;
				SDKROOT = iphoneos;
				SWIFT_ACTIVE_COMPILATION_CONDITIONS = DEBUG;
				SWIFT_OPTIMIZATION_LEVEL = "-Onone";
			};
			name = Debug;
		};
		3B97802020DB3BD600A516E7 /* Release */ = {
			isa = XCBuildConfiguration;
			buildSettings = {
				ALWAYS_SEARCH_USER_PATHS = NO;
				CLANG_ANALYZER_NONNULL = YES;
				CLANG_ANALYZER_NUMBER_OBJECT_CONVERSION = YES_AGGRESSIVE;
				CLANG_CXX_LANGUAGE_STANDARD = "gnu++14";
				CLANG_CXX_LIBRARY = "libc++";
				CLANG_ENABLE_MODULES = YES;
				CLANG_ENABLE_OBJC_ARC = YES;
				CLANG_ENABLE_OBJC_WEAK = YES;
				CLANG_WARN_BLOCK_CAPTURE_AUTORELEASING = YES;
				CLANG_WARN_BOOL_CONVERSION = YES;
				CLANG_WARN_COMMA = YES;
				CLANG_WARN_CONSTANT_CONVERSION = YES;
				CLANG_WARN_DEPRECATED_OBJC_IMPLEMENTATIONS = YES;
				CLANG_WARN_DIRECT_OBJC_ISA_USAGE = YES_ERROR;
				CLANG_WARN_DOCUMENTATION_COMMENTS = YES;
				CLANG_WARN_EMPTY_BODY = YES;
				CLANG_WARN_ENUM_CONVERSION = YES;
				CLANG_WARN_INFINITE_RECURSION = YES;
				CLANG_WARN_INT_CONVERSION = YES;
				CLANG_WARN_NON_LITERAL_NULL_CONVERSION = YES;
				CLANG_WARN_OBJC_IMPLICIT_RETAIN_SELF = YES;
				CLANG_WARN_OBJC_LITERAL_CONVERSION = YES;
				CLANG_WARN_OBJC_ROOT_CLASS = YES_ERROR;
				CLANG_WARN_RANGE_LOOP_ANALYSIS = YES;
				CLANG_WARN_STRICT_PROTOTYPES = YES;
				CLANG_WARN_SUSPICIOUS_MOVE = YES;
				CLANG_WARN_UNGUARDED_AVAILABILITY = YES_AGGRESSIVE;
				CLANG_WARN_UNREACHABLE_CODE = YES;
				CLANG_WARN__DUPLICATE_METHOD_MATCH = YES;
				CODE_SIGN_IDENTITY = "iPhone Developer";
				COPY_PHASE_STRIP = NO;
				DEBUG_INFORMATION_FORMAT = "dwarf-with-dsym";
				ENABLE_NS_ASSERTIONS = NO;
				ENABLE_STRICT_OBJC_MSGSEND = YES;
				GCC_C_LANGUAGE_STANDARD = gnu11;
				GCC_NO_COMMON_BLOCKS = YES;
				GCC_WARN_64_TO_32_BIT_CONVERSION = YES;
				GCC_WARN_ABOUT_RETURN_TYPE = YES_ERROR;
				GCC_WARN_UNDECLARED_SELECTOR = YES;
				GCC_WARN_UNINITIALIZED_AUTOS = YES_AGGRESSIVE;
				GCC_WARN_UNUSED_FUNCTION = YES;
				GCC_WARN_UNUSED_VARIABLE = YES;
				IPHONEOS_DEPLOYMENT_TARGET = 11.4;
				MTL_ENABLE_DEBUG_INFO = NO;
				SDKROOT = iphoneos;
				SWIFT_COMPILATION_MODE = wholemodule;
				SWIFT_OPTIMIZATION_LEVEL = "-O";
				VALIDATE_PRODUCT = YES;
			};
			name = Release;
		};
		3B97802220DB3BD600A516E7 /* Debug */ = {
			isa = XCBuildConfiguration;
			baseConfigurationReference = 132CE71AF20B08068E8FB6B4 /* Pods-MBox.debug.xcconfig */;
			buildSettings = {
				ASSETCATALOG_COMPILER_APPICON_NAME = AppIcon;
				CODE_SIGN_STYLE = Automatic;
				INFOPLIST_FILE = MBox/Info.plist;
				LD_RUNPATH_SEARCH_PATHS = (
					"$(inherited)",
					"@executable_path/Frameworks",
				);
				PRODUCT_BUNDLE_IDENTIFIER = com.mazen.MBox;
				PRODUCT_NAME = "$(TARGET_NAME)";
				SWIFT_VERSION = 4.0;
				TARGETED_DEVICE_FAMILY = "1,2";
			};
			name = Debug;
		};
		3B97802320DB3BD600A516E7 /* Release */ = {
			isa = XCBuildConfiguration;
			baseConfigurationReference = BC8B679538063CA9AF78E505 /* Pods-MBox.release.xcconfig */;
			buildSettings = {
				ASSETCATALOG_COMPILER_APPICON_NAME = AppIcon;
				CODE_SIGN_STYLE = Automatic;
				INFOPLIST_FILE = MBox/Info.plist;
				LD_RUNPATH_SEARCH_PATHS = (
					"$(inherited)",
					"@executable_path/Frameworks",
				);
				PRODUCT_BUNDLE_IDENTIFIER = com.mazen.MBox;
				PRODUCT_NAME = "$(TARGET_NAME)";
				SWIFT_VERSION = 4.0;
				TARGETED_DEVICE_FAMILY = "1,2";
			};
			name = Release;
		};
/* End XCBuildConfiguration section */

/* Begin XCConfigurationList section */
		3B97800720DB3BD400A516E7 /* Build configuration list for PBXProject "MBox" */ = {
			isa = XCConfigurationList;
			buildConfigurations = (
				3B97801F20DB3BD600A516E7 /* Debug */,
				3B97802020DB3BD600A516E7 /* Release */,
			);
			defaultConfigurationIsVisible = 0;
			defaultConfigurationName = Release;
		};
		3B97802120DB3BD600A516E7 /* Build configuration list for PBXNativeTarget "MBox" */ = {
			isa = XCConfigurationList;
			buildConfigurations = (
				3B97802220DB3BD600A516E7 /* Debug */,
				3B97802320DB3BD600A516E7 /* Release */,
			);
			defaultConfigurationIsVisible = 0;
			defaultConfigurationName = Release;
		};
/* End XCConfigurationList section */

/* Begin XCVersionGroup section */
		3B97801620DB3BD400A516E7 /* MBox.xcdatamodeld */ = {
			isa = XCVersionGroup;
			children = (
				3B97801720DB3BD400A516E7 /* MBox.xcdatamodel */,
			);
			currentVersion = 3B97801720DB3BD400A516E7 /* MBox.xcdatamodel */;
			path = MBox.xcdatamodeld;
			sourceTree = "<group>";
			versionGroupType = wrapper.xcdatamodel;
		};
/* End XCVersionGroup section */
	};
	rootObject = 3B97800420DB3BD400A516E7 /* Project object */;
}
